
Microsoft Visual Studio Solution File, Format Version 12.00
# Visual Studio Version 17
VisualStudioVersion = 17.10.34928.147
MinimumVisualStudioVersion = 10.0.40219.1
Project("{FAE04EC0-301F-11D3-BF4B-00C04F79EFBC}") = "ArtificialDungeonMaster", "ArtificialDungeonMaster\ArtificialDungeonMaster.csproj", "{1AD5E3B3-F598-47EC-8EB8-90A17EEEB915}"
EndProject
Project("{FAE04EC0-301F-11D3-BF4B-00C04F79EFBC}") = "ArtificialDungeonMaster.Data", "ArtificialDungeonMaster.Data\ArtificialDungeonMaster.Data.csproj", "{244BCFEF-DFBA-44DB-9EC6-B336015C2E60}"
EndProject
Project("{FAE04EC0-301F-11D3-BF4B-00C04F79EFBC}") = "ArtificialDungeonMaster.DTO", "ArtificialDungeonMaster.DTO\ArtificialDungeonMaster.DTO.csproj", "{5530200E-54AD-45C3-BA1A-9B4E079D8C3A}"
EndProject
Project("{2150E333-8FDC-42A3-9474-1A3956D46DE8}") = "Scripts", "Scripts", "{3D32EB30-75DC-4502-8226-B40D049D3549}"
EndProject
Global
	GlobalSection(SolutionConfigurationPlatforms) = preSolution
		Debug|Any CPU = Debug|Any CPU
		Release|Any CPU = Release|Any CPU
	EndGlobalSection
	GlobalSection(ProjectConfigurationPlatforms) = postSolution
		{1AD5E3B3-F598-47EC-8EB8-90A17EEEB915}.Debug|Any CPU.ActiveCfg = Debug|Any CPU
		{1AD5E3B3-F598-47EC-8EB8-90A17EEEB915}.Debug|Any CPU.Build.0 = Debug|Any CPU
		{1AD5E3B3-F598-47EC-8EB8-90A17EEEB915}.Release|Any CPU.ActiveCfg = Release|Any CPU
		{1AD5E3B3-F598-47EC-8EB8-90A17EEEB915}.Release|Any CPU.Build.0 = Release|Any CPU
		{244BCFEF-DFBA-44DB-9EC6-B336015C2E60}.Debug|Any CPU.ActiveCfg = Debug|Any CPU
		{244BCFEF-DFBA-44DB-9EC6-B336015C2E60}.Debug|Any CPU.Build.0 = Debug|Any CPU
		{244BCFEF-DFBA-44DB-9EC6-B336015C2E60}.Release|Any CPU.ActiveCfg = Release|Any CPU
		{244BCFEF-DFBA-44DB-9EC6-B336015C2E60}.Release|Any CPU.Build.0 = Release|Any CPU
		{5530200E-54AD-45C3-BA1A-9B4E079D8C3A}.Debug|Any CPU.ActiveCfg = Debug|Any CPU
		{5530200E-54AD-45C3-BA1A-9B4E079D8C3A}.Debug|Any CPU.Build.0 = Debug|Any CPU
		{5530200E-54AD-45C3-BA1A-9B4E079D8C3A}.Release|Any CPU.ActiveCfg = Release|Any CPU
		{5530200E-54AD-45C3-BA1A-9B4E079D8C3A}.Release|Any CPU.Build.0 = Release|Any CPU
	EndGlobalSection
	GlobalSection(SolutionProperties) = preSolution
		HideSolutionNode = FALSE
	EndGlobalSection
	GlobalSection(ExtensibilityGlobals) = postSolution
		SolutionGuid = {0FF91C6C-76CF-4CEB-AECD-EE0265EE5B22}
	EndGlobalSection
EndGlobal
